
Microsoft Visual Studio Solution File, Format Version 12.00
# Visual Studio 15
VisualStudioVersion = 15.0.27130.2010
MinimumVisualStudioVersion = 10.0.40219.1
Project("{FAE04EC0-301F-11D3-BF4B-00C04F79EFBC}") = "Civic.Core.Data", "Civic.Core.Data\Civic.Core.Data.csproj", "{3447D6A0-56B4-4E6B-A2DB-F425324F614A}"
EndProject
Project("{2150E333-8FDC-42A3-9474-1A3956D46DE8}") = "Nuget", "Nuget", "{EFB32325-BB54-4C91-9350-05954953A9A4}"
	ProjectSection(SolutionItems) = preProject
		.gitignore = .gitignore
		.gitlab-ci.yml = .gitlab-ci.yml
		Nuget\Civic.Core.Data.nuspec = Nuget\Civic.Core.Data.nuspec
	EndProjectSection
EndProject
Global
	GlobalSection(SolutionConfigurationPlatforms) = preSolution
		Debug|Any CPU = Debug|Any CPU
		Nuget-45|Any CPU = Nuget-45|Any CPU
		Nuget-46|Any CPU = Nuget-46|Any CPU
		Nuget-47|Any CPU = Nuget-47|Any CPU
		Release|Any CPU = Release|Any CPU
	EndGlobalSection
	GlobalSection(ProjectConfigurationPlatforms) = postSolution
		{3447D6A0-56B4-4E6B-A2DB-F425324F614A}.Debug|Any CPU.ActiveCfg = Debug|Any CPU
		{3447D6A0-56B4-4E6B-A2DB-F425324F614A}.Debug|Any CPU.Build.0 = Debug|Any CPU
		{3447D6A0-56B4-4E6B-A2DB-F425324F614A}.Nuget-45|Any CPU.ActiveCfg = Nuget-45|Any CPU
		{3447D6A0-56B4-4E6B-A2DB-F425324F614A}.Nuget-45|Any CPU.Build.0 = Nuget-45|Any CPU
		{3447D6A0-56B4-4E6B-A2DB-F425324F614A}.Nuget-46|Any CPU.ActiveCfg = Nuget-46|Any CPU
		{3447D6A0-56B4-4E6B-A2DB-F425324F614A}.Nuget-46|Any CPU.Build.0 = Nuget-46|Any CPU
		{3447D6A0-56B4-4E6B-A2DB-F425324F614A}.Nuget-47|Any CPU.ActiveCfg = Nuget-47|Any CPU
		{3447D6A0-56B4-4E6B-A2DB-F425324F614A}.Nuget-47|Any CPU.Build.0 = Nuget-47|Any CPU
		{3447D6A0-56B4-4E6B-A2DB-F425324F614A}.Release|Any CPU.ActiveCfg = Release|Any CPU
		{3447D6A0-56B4-4E6B-A2DB-F425324F614A}.Release|Any CPU.Build.0 = Release|Any CPU
	EndGlobalSection
	GlobalSection(SolutionProperties) = preSolution
		HideSolutionNode = FALSE
	EndGlobalSection
	GlobalSection(ExtensibilityGlobals) = postSolution
		SolutionGuid = {27A86053-1681-4E77-AAF5-04CC07A1644B}
	EndGlobalSection
EndGlobal
